
Microsoft Visual Studio Solution File, Format Version 12.00
# Visual Studio Version 16
VisualStudioVersion = 16.0.30907.101
MinimumVisualStudioVersion = 10.0.40219.1
Project("{9A19103F-16F7-4668-BE54-9A1E7A4F7556}") = "AppBlazorEF.Server", "Server\AppBlazorEF.Server.csproj", "{D6845EE1-6175-4849-890A-8E8940860F88}"
EndProject
Project("{9A19103F-16F7-4668-BE54-9A1E7A4F7556}") = "AppBlazorEF.Client", "Client\AppBlazorEF.Client.csproj", "{821EF907-CF2F-40BC-9CA3-E33A36D69590}"
EndProject
Project("{9A19103F-16F7-4668-BE54-9A1E7A4F7556}") = "AppBlazorEF.Shared", "Shared\AppBlazorEF.Shared.csproj", "{69146938-5B11-4575-AFEF-63E27829325A}"
EndProject
Global
	GlobalSection(SolutionConfigurationPlatforms) = preSolution
		Debug|Any CPU = Debug|Any CPU
		Release|Any CPU = Release|Any CPU
	EndGlobalSection
	GlobalSection(ProjectConfigurationPlatforms) = postSolution
		{D6845EE1-6175-4849-890A-8E8940860F88}.Debug|Any CPU.ActiveCfg = Debug|Any CPU
		{D6845EE1-6175-4849-890A-8E8940860F88}.Debug|Any CPU.Build.0 = Debug|Any CPU
		{D6845EE1-6175-4849-890A-8E8940860F88}.Release|Any CPU.ActiveCfg = Release|Any CPU
		{D6845EE1-6175-4849-890A-8E8940860F88}.Release|Any CPU.Build.0 = Release|Any CPU
		{821EF907-CF2F-40BC-9CA3-E33A36D69590}.Debug|Any CPU.ActiveCfg = Debug|Any CPU
		{821EF907-CF2F-40BC-9CA3-E33A36D69590}.Debug|Any CPU.Build.0 = Debug|Any CPU
		{821EF907-CF2F-40BC-9CA3-E33A36D69590}.Release|Any CPU.ActiveCfg = Release|Any CPU
		{821EF907-CF2F-40BC-9CA3-E33A36D69590}.Release|Any CPU.Build.0 = Release|Any CPU
		{69146938-5B11-4575-AFEF-63E27829325A}.Debug|Any CPU.ActiveCfg = Debug|Any CPU
		{69146938-5B11-4575-AFEF-63E27829325A}.Debug|Any CPU.Build.0 = Debug|Any CPU
		{69146938-5B11-4575-AFEF-63E27829325A}.Release|Any CPU.ActiveCfg = Release|Any CPU
		{69146938-5B11-4575-AFEF-63E27829325A}.Release|Any CPU.Build.0 = Release|Any CPU
	EndGlobalSection
	GlobalSection(SolutionProperties) = preSolution
		HideSolutionNode = FALSE
	EndGlobalSection
	GlobalSection(ExtensibilityGlobals) = postSolution
		SolutionGuid = {175D9D58-7535-4EC0-A8C4-23C210645A39}
	EndGlobalSection
EndGlobal
